
Microsoft Visual Studio Solution File, Format Version 12.00
# Visual Studio Version 17
VisualStudioVersion = 17.3.32922.545
MinimumVisualStudioVersion = 10.0.40219.1
Project("{FAE04EC0-301F-11D3-BF4B-00C04F79EFBC}") = "PersonalBack_API", "PersonalBack_API\PersonalBack_API.csproj", "{CEC43E3E-E5AA-4F18-8303-5CA2636C5894}"
EndProject
Global
	GlobalSection(SolutionConfigurationPlatforms) = preSolution
		Debug|Any CPU = Debug|Any CPU
		Release|Any CPU = Release|Any CPU
	EndGlobalSection
	GlobalSection(ProjectConfigurationPlatforms) = postSolution
		{CEC43E3E-E5AA-4F18-8303-5CA2636C5894}.Debug|Any CPU.ActiveCfg = Debug|Any CPU
		{CEC43E3E-E5AA-4F18-8303-5CA2636C5894}.Debug|Any CPU.Build.0 = Debug|Any CPU
		{CEC43E3E-E5AA-4F18-8303-5CA2636C5894}.Release|Any CPU.ActiveCfg = Release|Any CPU
		{CEC43E3E-E5AA-4F18-8303-5CA2636C5894}.Release|Any CPU.Build.0 = Release|Any CPU
	EndGlobalSection
	GlobalSection(SolutionProperties) = preSolution
		HideSolutionNode = FALSE
	EndGlobalSection
	GlobalSection(ExtensibilityGlobals) = postSolution
		SolutionGuid = {C0899FF5-B06D-44A6-9B47-E16F63B11899}
	EndGlobalSection
EndGlobal
